{
  "requires": true,
  "lockfileVersion": 1,
  "dependencies": {
    "angular-in-memory-web-api": {
      "version": "0.9.0",
      "resolved": "https://registry.npmjs.org/angular-in-memory-web-api/-/angular-in-memory-web-api-0.9.0.tgz",
      "integrity": "sha512-//PiJ5qb1+Yf/N7270ioQqR2laf4/Irjavg+M+WEn8y4At9LUoYgbQ5HVwvM5xUTlVlL0XkbJRLxREcGGNdIEw==",
      "dev": true
    }
  }
}
